
Microsoft Visual Studio Solution File, Format Version 12.00
# Visual Studio Version 17
VisualStudioVersion = 17.7.34031.279
MinimumVisualStudioVersion = 10.0.40219.1
Project("{FAE04EC0-301F-11D3-BF4B-00C04F79EFBC}") = "MonitorActivity", "MonitorActivity\MonitorActivity.csproj", "{D93DFC30-A881-48E4-A209-F4B053329D2E}"
EndProject
Global
	GlobalSection(SolutionConfigurationPlatforms) = preSolution
		Debug|Any CPU = Debug|Any CPU
		Release|Any CPU = Release|Any CPU
	EndGlobalSection
	GlobalSection(ProjectConfigurationPlatforms) = postSolution
		{D93DFC30-A881-48E4-A209-F4B053329D2E}.Debug|Any CPU.ActiveCfg = Debug|Any CPU
		{D93DFC30-A881-48E4-A209-F4B053329D2E}.Debug|Any CPU.Build.0 = Debug|Any CPU
		{D93DFC30-A881-48E4-A209-F4B053329D2E}.Release|Any CPU.ActiveCfg = Release|Any CPU
		{D93DFC30-A881-48E4-A209-F4B053329D2E}.Release|Any CPU.Build.0 = Release|Any CPU
	EndGlobalSection
	GlobalSection(SolutionProperties) = preSolution
		HideSolutionNode = FALSE
	EndGlobalSection
	GlobalSection(ExtensibilityGlobals) = postSolution
		SolutionGuid = {F772648E-65E7-471B-933D-947D09BC8CE5}
	EndGlobalSection
EndGlobal
